
Microsoft Visual Studio Solution File, Format Version 12.00
# Visual Studio Version 16
VisualStudioVersion = 16.0.30002.166
MinimumVisualStudioVersion = 10.0.40219.1
Project("{8BC9CEB8-8B4A-11D0-8D11-00A0C91BC942}") = "LibSystem", "LibSystem\LibSystem.vcxproj", "{EF4944F1-BF88-4662-85F5-710CF4804876}"
EndProject
Project("{54435603-DBB4-11D2-8724-00A0C9A8B90C}") = "LibSetup", "LibSetup\LibSetup.vdproj", "{A046DD48-A68E-46FE-9A15-0F545735488B}"
EndProject
Global
	GlobalSection(SolutionConfigurationPlatforms) = preSolution
		Debug|x64 = Debug|x64
		Debug|x86 = Debug|x86
		Release|x64 = Release|x64
		Release|x86 = Release|x86
	EndGlobalSection
	GlobalSection(ProjectConfigurationPlatforms) = postSolution
		{EF4944F1-BF88-4662-85F5-710CF4804876}.Debug|x64.ActiveCfg = Debug|x64
		{EF4944F1-BF88-4662-85F5-710CF4804876}.Debug|x64.Build.0 = Debug|x64
		{EF4944F1-BF88-4662-85F5-710CF4804876}.Debug|x86.ActiveCfg = Debug|Win32
		{EF4944F1-BF88-4662-85F5-710CF4804876}.Debug|x86.Build.0 = Debug|Win32
		{EF4944F1-BF88-4662-85F5-710CF4804876}.Release|x64.ActiveCfg = Release|x64
		{EF4944F1-BF88-4662-85F5-710CF4804876}.Release|x64.Build.0 = Release|x64
		{EF4944F1-BF88-4662-85F5-710CF4804876}.Release|x86.ActiveCfg = Debug|Win32
		{EF4944F1-BF88-4662-85F5-710CF4804876}.Release|x86.Build.0 = Debug|Win32
		{A046DD48-A68E-46FE-9A15-0F545735488B}.Debug|x64.ActiveCfg = Debug
		{A046DD48-A68E-46FE-9A15-0F545735488B}.Debug|x86.ActiveCfg = Debug
		{A046DD48-A68E-46FE-9A15-0F545735488B}.Release|x64.ActiveCfg = Release
		{A046DD48-A68E-46FE-9A15-0F545735488B}.Release|x86.ActiveCfg = Debug
	EndGlobalSection
	GlobalSection(SolutionProperties) = preSolution
		HideSolutionNode = FALSE
	EndGlobalSection
	GlobalSection(ExtensibilityGlobals) = postSolution
		SolutionGuid = {0BAEF82B-70F7-40BE-A280-E8A6027FC7D2}
	EndGlobalSection
EndGlobal
